
Microsoft Visual Studio Solution File, Format Version 12.00
Project("{FAE04EC0-301F-11D3-BF4B-00C04F79EFBC}") = "AirMonitor.Web", "AirMonitor.Web\AirMonitor.Web.csproj", "{63ACF8BF-4C99-4A70-B134-F84880350E64}"
EndProject
Project("{FAE04EC0-301F-11D3-BF4B-00C04F79EFBC}") = "AirMonitor.Domain", "AirMonitor.Domain\AirMonitor.Domain.csproj", "{53B8437B-7D00-4314-B194-A9516ADAC904}"
EndProject
Global
	GlobalSection(SolutionConfigurationPlatforms) = preSolution
		Debug|Any CPU = Debug|Any CPU
		Release|Any CPU = Release|Any CPU
	EndGlobalSection
	GlobalSection(ProjectConfigurationPlatforms) = postSolution
		{63ACF8BF-4C99-4A70-B134-F84880350E64}.Debug|Any CPU.ActiveCfg = Debug|Any CPU
		{63ACF8BF-4C99-4A70-B134-F84880350E64}.Debug|Any CPU.Build.0 = Debug|Any CPU
		{63ACF8BF-4C99-4A70-B134-F84880350E64}.Release|Any CPU.ActiveCfg = Release|Any CPU
		{63ACF8BF-4C99-4A70-B134-F84880350E64}.Release|Any CPU.Build.0 = Release|Any CPU
		{53B8437B-7D00-4314-B194-A9516ADAC904}.Debug|Any CPU.ActiveCfg = Debug|Any CPU
		{53B8437B-7D00-4314-B194-A9516ADAC904}.Debug|Any CPU.Build.0 = Debug|Any CPU
		{53B8437B-7D00-4314-B194-A9516ADAC904}.Release|Any CPU.ActiveCfg = Release|Any CPU
		{53B8437B-7D00-4314-B194-A9516ADAC904}.Release|Any CPU.Build.0 = Release|Any CPU
	EndGlobalSection
EndGlobal
